
Microsoft Visual Studio Solution File, Format Version 12.00
# Visual Studio Version 17
VisualStudioVersion = 17.4.33213.308
MinimumVisualStudioVersion = 10.0.40219.1
Project("{F184B08F-C81C-45F6-A57F-5ABD9991F28F}") = "OperacionVb", "OperacionVb\OperacionVb.vbproj", "{B004FA1E-9C6B-401E-B400-31B7771C2E6B}"
EndProject
Global
	GlobalSection(SolutionConfigurationPlatforms) = preSolution
		Debug|Any CPU = Debug|Any CPU
		Release|Any CPU = Release|Any CPU
	EndGlobalSection
	GlobalSection(ProjectConfigurationPlatforms) = postSolution
		{B004FA1E-9C6B-401E-B400-31B7771C2E6B}.Debug|Any CPU.ActiveCfg = Debug|Any CPU
		{B004FA1E-9C6B-401E-B400-31B7771C2E6B}.Debug|Any CPU.Build.0 = Debug|Any CPU
		{B004FA1E-9C6B-401E-B400-31B7771C2E6B}.Release|Any CPU.ActiveCfg = Release|Any CPU
		{B004FA1E-9C6B-401E-B400-31B7771C2E6B}.Release|Any CPU.Build.0 = Release|Any CPU
	EndGlobalSection
	GlobalSection(SolutionProperties) = preSolution
		HideSolutionNode = FALSE
	EndGlobalSection
	GlobalSection(ExtensibilityGlobals) = postSolution
		SolutionGuid = {03566B37-1888-4BD1-9E21-3B6DED3A64CE}
	EndGlobalSection
EndGlobal
